
Microsoft Visual Studio Solution File, Format Version 12.00
# Visual Studio Version 17
VisualStudioVersion = 17.1.32328.378
MinimumVisualStudioVersion = 10.0.40219.1
Project("{9A19103F-16F7-4668-BE54-9A1E7A4F7556}") = "Gyermekvasut.Modellek", "Gyermekvasut.Modellek\Gyermekvasut.Modellek.csproj", "{AE794092-112B-4B4E-B022-997C6559E787}"
EndProject
Project("{2150E333-8FDC-42A3-9474-1A3956D46DE8}") = "Solution Items", "Solution Items", "{3ECCEC4E-2281-4926-989E-732DB844D584}"
	ProjectSection(SolutionItems) = preProject
		.editorconfig = .editorconfig
		.gitignore = .gitignore
	EndProjectSection
EndProject
Project("{9A19103F-16F7-4668-BE54-9A1E7A4F7556}") = "Gyermekvasut.Grpc", "Gyermekvasut.Grpc\Gyermekvasut.Grpc.csproj", "{869BDBDB-2D2E-439B-B30A-1EE2B3FC80B2}"
EndProject
Project("{9A19103F-16F7-4668-BE54-9A1E7A4F7556}") = "Gyermekvasut.Halozat", "Gyermekvasut.Halozat\Gyermekvasut.Halozat.csproj", "{6DBA8353-D4CE-4A06-BE9E-49A3EB3EA0AA}"
EndProject
Project("{9A19103F-16F7-4668-BE54-9A1E7A4F7556}") = "Gyermekvasut.Forms", "Gyermekvasut.Forms\Gyermekvasut.Forms.csproj", "{8BCBAA77-E636-4E24-A6E7-C3480D3AF14B}"
EndProject
Project("{9A19103F-16F7-4668-BE54-9A1E7A4F7556}") = "Gyermekvasut.Biztberek.Emeltyus", "Gyermekvasut.Biztberek.Emeltyus\Gyermekvasut.Biztberek.Emeltyus.csproj", "{ED974739-6874-4D74-83B0-49EA01A8DE79}"
EndProject
Project("{9A19103F-16F7-4668-BE54-9A1E7A4F7556}") = "Gyermekvasut.Biztberek.Valtozaras", "Gyermekvasut.Biztberek.Valtozaras\Gyermekvasut.Biztberek.Valtozaras.csproj", "{6CE8EDC4-C50E-4850-AAA8-384BDC391110}"
EndProject
Project("{9A19103F-16F7-4668-BE54-9A1E7A4F7556}") = "Gyermekvasut.Biztberek.Reteszes", "Gyermekvasut.Biztberek.Reteszes\Gyermekvasut.Biztberek.Reteszes.csproj", "{2A6E1A79-FC1F-416F-9CE3-35D101B5FDCE}"
EndProject
Project("{9A19103F-16F7-4668-BE54-9A1E7A4F7556}") = "Gyermekvasut.Valtokezelo", "Gyermekvasut.Valtokezelo\Gyermekvasut.Valtokezelo.csproj", "{E494B165-1420-4D48-BE34-ECCC74A4A0CE}"
EndProject
Project("{9A19103F-16F7-4668-BE54-9A1E7A4F7556}") = "Gyermekvasut.Biztberek.Valtozaras.Tests", "Gyermekvasut.Biztberek.Valtozaras.Tests\Gyermekvasut.Biztberek.Valtozaras.Tests.csproj", "{8D6CC303-E5B6-48E1-8484-417142438842}"
EndProject
Project("{FAE04EC0-301F-11D3-BF4B-00C04F79EFBC}") = "Gyermekvasut.Modellek.Tests", "Gyermekvasut.Modellek.Tests\Gyermekvasut.Modellek.Tests.csproj", "{B909D240-CE6A-4687-9C27-970C2C44BF23}"
EndProject
Project("{FAE04EC0-301F-11D3-BF4B-00C04F79EFBC}") = "Gyermekvasut.Tests.Util", "Gyermekvasut.Tests.Util\Gyermekvasut.Tests.Util.csproj", "{5E70994A-84BB-431F-913D-A6C7A5CE0D4B}"
EndProject
Project("{FAE04EC0-301F-11D3-BF4B-00C04F79EFBC}") = "Gyermekvasut.Halozat.Tests", "Gyermekvasut.Halozat.Tests\Gyermekvasut.Halozat.Tests.csproj", "{57FADB5D-3F79-4480-8E10-8A29A66FF258}"
EndProject
Global
	GlobalSection(SolutionConfigurationPlatforms) = preSolution
		Debug|Any CPU = Debug|Any CPU
		Release|Any CPU = Release|Any CPU
	EndGlobalSection
	GlobalSection(ProjectConfigurationPlatforms) = postSolution
		{AE794092-112B-4B4E-B022-997C6559E787}.Debug|Any CPU.ActiveCfg = Debug|Any CPU
		{AE794092-112B-4B4E-B022-997C6559E787}.Debug|Any CPU.Build.0 = Debug|Any CPU
		{AE794092-112B-4B4E-B022-997C6559E787}.Release|Any CPU.ActiveCfg = Release|Any CPU
		{AE794092-112B-4B4E-B022-997C6559E787}.Release|Any CPU.Build.0 = Release|Any CPU
		{869BDBDB-2D2E-439B-B30A-1EE2B3FC80B2}.Debug|Any CPU.ActiveCfg = Debug|Any CPU
		{869BDBDB-2D2E-439B-B30A-1EE2B3FC80B2}.Debug|Any CPU.Build.0 = Debug|Any CPU
		{869BDBDB-2D2E-439B-B30A-1EE2B3FC80B2}.Release|Any CPU.ActiveCfg = Release|Any CPU
		{869BDBDB-2D2E-439B-B30A-1EE2B3FC80B2}.Release|Any CPU.Build.0 = Release|Any CPU
		{6DBA8353-D4CE-4A06-BE9E-49A3EB3EA0AA}.Debug|Any CPU.ActiveCfg = Debug|Any CPU
		{6DBA8353-D4CE-4A06-BE9E-49A3EB3EA0AA}.Debug|Any CPU.Build.0 = Debug|Any CPU
		{6DBA8353-D4CE-4A06-BE9E-49A3EB3EA0AA}.Release|Any CPU.ActiveCfg = Release|Any CPU
		{6DBA8353-D4CE-4A06-BE9E-49A3EB3EA0AA}.Release|Any CPU.Build.0 = Release|Any CPU
		{8BCBAA77-E636-4E24-A6E7-C3480D3AF14B}.Debug|Any CPU.ActiveCfg = Debug|Any CPU
		{8BCBAA77-E636-4E24-A6E7-C3480D3AF14B}.Debug|Any CPU.Build.0 = Debug|Any CPU
		{8BCBAA77-E636-4E24-A6E7-C3480D3AF14B}.Release|Any CPU.ActiveCfg = Release|Any CPU
		{8BCBAA77-E636-4E24-A6E7-C3480D3AF14B}.Release|Any CPU.Build.0 = Release|Any CPU
		{ED974739-6874-4D74-83B0-49EA01A8DE79}.Debug|Any CPU.ActiveCfg = Debug|Any CPU
		{ED974739-6874-4D74-83B0-49EA01A8DE79}.Debug|Any CPU.Build.0 = Debug|Any CPU
		{ED974739-6874-4D74-83B0-49EA01A8DE79}.Release|Any CPU.ActiveCfg = Release|Any CPU
		{ED974739-6874-4D74-83B0-49EA01A8DE79}.Release|Any CPU.Build.0 = Release|Any CPU
		{6CE8EDC4-C50E-4850-AAA8-384BDC391110}.Debug|Any CPU.ActiveCfg = Debug|Any CPU
		{6CE8EDC4-C50E-4850-AAA8-384BDC391110}.Debug|Any CPU.Build.0 = Debug|Any CPU
		{6CE8EDC4-C50E-4850-AAA8-384BDC391110}.Release|Any CPU.ActiveCfg = Release|Any CPU
		{6CE8EDC4-C50E-4850-AAA8-384BDC391110}.Release|Any CPU.Build.0 = Release|Any CPU
		{2A6E1A79-FC1F-416F-9CE3-35D101B5FDCE}.Debug|Any CPU.ActiveCfg = Debug|Any CPU
		{2A6E1A79-FC1F-416F-9CE3-35D101B5FDCE}.Debug|Any CPU.Build.0 = Debug|Any CPU
		{2A6E1A79-FC1F-416F-9CE3-35D101B5FDCE}.Release|Any CPU.ActiveCfg = Release|Any CPU
		{2A6E1A79-FC1F-416F-9CE3-35D101B5FDCE}.Release|Any CPU.Build.0 = Release|Any CPU
		{E494B165-1420-4D48-BE34-ECCC74A4A0CE}.Debug|Any CPU.ActiveCfg = Debug|Any CPU
		{E494B165-1420-4D48-BE34-ECCC74A4A0CE}.Debug|Any CPU.Build.0 = Debug|Any CPU
		{E494B165-1420-4D48-BE34-ECCC74A4A0CE}.Release|Any CPU.ActiveCfg = Release|Any CPU
		{E494B165-1420-4D48-BE34-ECCC74A4A0CE}.Release|Any CPU.Build.0 = Release|Any CPU
		{8D6CC303-E5B6-48E1-8484-417142438842}.Debug|Any CPU.ActiveCfg = Debug|Any CPU
		{8D6CC303-E5B6-48E1-8484-417142438842}.Debug|Any CPU.Build.0 = Debug|Any CPU
		{8D6CC303-E5B6-48E1-8484-417142438842}.Release|Any CPU.ActiveCfg = Release|Any CPU
		{8D6CC303-E5B6-48E1-8484-417142438842}.Release|Any CPU.Build.0 = Release|Any CPU
		{B909D240-CE6A-4687-9C27-970C2C44BF23}.Debug|Any CPU.ActiveCfg = Debug|Any CPU
		{B909D240-CE6A-4687-9C27-970C2C44BF23}.Debug|Any CPU.Build.0 = Debug|Any CPU
		{B909D240-CE6A-4687-9C27-970C2C44BF23}.Release|Any CPU.ActiveCfg = Release|Any CPU
		{B909D240-CE6A-4687-9C27-970C2C44BF23}.Release|Any CPU.Build.0 = Release|Any CPU
		{5E70994A-84BB-431F-913D-A6C7A5CE0D4B}.Debug|Any CPU.ActiveCfg = Debug|Any CPU
		{5E70994A-84BB-431F-913D-A6C7A5CE0D4B}.Debug|Any CPU.Build.0 = Debug|Any CPU
		{5E70994A-84BB-431F-913D-A6C7A5CE0D4B}.Release|Any CPU.ActiveCfg = Release|Any CPU
		{5E70994A-84BB-431F-913D-A6C7A5CE0D4B}.Release|Any CPU.Build.0 = Release|Any CPU
		{57FADB5D-3F79-4480-8E10-8A29A66FF258}.Debug|Any CPU.ActiveCfg = Debug|Any CPU
		{57FADB5D-3F79-4480-8E10-8A29A66FF258}.Debug|Any CPU.Build.0 = Debug|Any CPU
		{57FADB5D-3F79-4480-8E10-8A29A66FF258}.Release|Any CPU.ActiveCfg = Release|Any CPU
		{57FADB5D-3F79-4480-8E10-8A29A66FF258}.Release|Any CPU.Build.0 = Release|Any CPU
	EndGlobalSection
	GlobalSection(SolutionProperties) = preSolution
		HideSolutionNode = FALSE
	EndGlobalSection
	GlobalSection(ExtensibilityGlobals) = postSolution
		SolutionGuid = {A5AA5575-8AE5-4667-B462-F3E9A5EBE4BC}
	EndGlobalSection
EndGlobal
